
Microsoft Visual Studio Solution File, Format Version 12.00
# Visual Studio 15
VisualStudioVersion = 15.0.26228.9
MinimumVisualStudioVersion = 10.0.40219.1
Project("{FAE04EC0-301F-11D3-BF4B-00C04F79EFBC}") = "Program5_Knecht", "Program5_Knecht\Program5_Knecht.csproj", "{BDFAC9CD-9FE9-4A73-A8A3-D103F6741127}"
EndProject
Global
	GlobalSection(SolutionConfigurationPlatforms) = preSolution
		Debug|Any CPU = Debug|Any CPU
		Release|Any CPU = Release|Any CPU
	EndGlobalSection
	GlobalSection(ProjectConfigurationPlatforms) = postSolution
		{BDFAC9CD-9FE9-4A73-A8A3-D103F6741127}.Debug|Any CPU.ActiveCfg = Debug|Any CPU
		{BDFAC9CD-9FE9-4A73-A8A3-D103F6741127}.Debug|Any CPU.Build.0 = Debug|Any CPU
		{BDFAC9CD-9FE9-4A73-A8A3-D103F6741127}.Release|Any CPU.ActiveCfg = Release|Any CPU
		{BDFAC9CD-9FE9-4A73-A8A3-D103F6741127}.Release|Any CPU.Build.0 = Release|Any CPU
	EndGlobalSection
	GlobalSection(SolutionProperties) = preSolution
		HideSolutionNode = FALSE
	EndGlobalSection
EndGlobal
